
Microsoft Visual Studio Solution File, Format Version 12.00
# Visual Studio 15
VisualStudioVersion = 15.0.27130.2010
MinimumVisualStudioVersion = 10.0.40219.1
Project("{8BC9CEB8-8B4A-11D0-8D11-00A0C91BC942}") = "boringssl", "..\third_party\boringssl\boringssl.vcxproj", "{B900519F-0D63-4CA0-9372-99CD661B495D}"
EndProject
Project("{8BC9CEB8-8B4A-11D0-8D11-00A0C91BC942}") = "zlib", "..\third_party\zlib\zlib.vcxproj", "{B59865BB-5EC0-40BF-B9FC-FB253F3C9741}"
EndProject
Project("{8BC9CEB8-8B4A-11D0-8D11-00A0C91BC942}") = "libquic", "..\quic\libquic.vcxproj", "{98DF7784-34B7-4CB9-B50D-834A9E4EDCC2}"
EndProject
Global
	GlobalSection(SolutionConfigurationPlatforms) = preSolution
		Debug|x64 = Debug|x64
		Debug|x86 = Debug|x86
		Release|x64 = Release|x64
		Release|x86 = Release|x86
	EndGlobalSection
	GlobalSection(ProjectConfigurationPlatforms) = postSolution
		{B900519F-0D63-4CA0-9372-99CD661B495D}.Debug|x64.ActiveCfg = Debug|x64
		{B900519F-0D63-4CA0-9372-99CD661B495D}.Debug|x64.Build.0 = Debug|x64
		{B900519F-0D63-4CA0-9372-99CD661B495D}.Debug|x86.ActiveCfg = Debug|Win32
		{B900519F-0D63-4CA0-9372-99CD661B495D}.Debug|x86.Build.0 = Debug|Win32
		{B900519F-0D63-4CA0-9372-99CD661B495D}.Release|x64.ActiveCfg = Release|x64
		{B900519F-0D63-4CA0-9372-99CD661B495D}.Release|x64.Build.0 = Release|x64
		{B900519F-0D63-4CA0-9372-99CD661B495D}.Release|x86.ActiveCfg = Release|Win32
		{B900519F-0D63-4CA0-9372-99CD661B495D}.Release|x86.Build.0 = Release|Win32
		{B59865BB-5EC0-40BF-B9FC-FB253F3C9741}.Debug|x64.ActiveCfg = Debug|x64
		{B59865BB-5EC0-40BF-B9FC-FB253F3C9741}.Debug|x64.Build.0 = Debug|x64
		{B59865BB-5EC0-40BF-B9FC-FB253F3C9741}.Debug|x86.ActiveCfg = Debug|Win32
		{B59865BB-5EC0-40BF-B9FC-FB253F3C9741}.Debug|x86.Build.0 = Debug|Win32
		{B59865BB-5EC0-40BF-B9FC-FB253F3C9741}.Release|x64.ActiveCfg = Release|x64
		{B59865BB-5EC0-40BF-B9FC-FB253F3C9741}.Release|x64.Build.0 = Release|x64
		{B59865BB-5EC0-40BF-B9FC-FB253F3C9741}.Release|x86.ActiveCfg = Release|Win32
		{B59865BB-5EC0-40BF-B9FC-FB253F3C9741}.Release|x86.Build.0 = Release|Win32
		{98DF7784-34B7-4CB9-B50D-834A9E4EDCC2}.Debug|x64.ActiveCfg = Debug|x64
		{98DF7784-34B7-4CB9-B50D-834A9E4EDCC2}.Debug|x64.Build.0 = Debug|x64
		{98DF7784-34B7-4CB9-B50D-834A9E4EDCC2}.Debug|x86.ActiveCfg = Debug|Win32
		{98DF7784-34B7-4CB9-B50D-834A9E4EDCC2}.Debug|x86.Build.0 = Debug|Win32
		{98DF7784-34B7-4CB9-B50D-834A9E4EDCC2}.Release|x64.ActiveCfg = Release|x64
		{98DF7784-34B7-4CB9-B50D-834A9E4EDCC2}.Release|x64.Build.0 = Release|x64
		{98DF7784-34B7-4CB9-B50D-834A9E4EDCC2}.Release|x86.ActiveCfg = Release|Win32
		{98DF7784-34B7-4CB9-B50D-834A9E4EDCC2}.Release|x86.Build.0 = Release|Win32
	EndGlobalSection
	GlobalSection(SolutionProperties) = preSolution
		HideSolutionNode = FALSE
	EndGlobalSection
	GlobalSection(ExtensibilityGlobals) = postSolution
		SolutionGuid = {A7235041-7049-43C3-A136-12F60C88DEAA}
	EndGlobalSection
EndGlobal
